
Microsoft Visual Studio Solution File, Format Version 12.00
Project("{FAE04EC0-301F-11D3-BF4B-00C04F79EFBC}") = "UpStyle", "UpStyle\UpStyle.csproj", "{BACBB1E0-86DE-40FE-9660-5253BB214D0D}"
EndProject
Global
	GlobalSection(SolutionConfigurationPlatforms) = preSolution
		Debug|Any CPU = Debug|Any CPU
		Release|Any CPU = Release|Any CPU
	EndGlobalSection
	GlobalSection(ProjectConfigurationPlatforms) = postSolution
		{BACBB1E0-86DE-40FE-9660-5253BB214D0D}.Debug|Any CPU.ActiveCfg = Debug|Any CPU
		{BACBB1E0-86DE-40FE-9660-5253BB214D0D}.Debug|Any CPU.Build.0 = Debug|Any CPU
		{BACBB1E0-86DE-40FE-9660-5253BB214D0D}.Release|Any CPU.ActiveCfg = Release|Any CPU
		{BACBB1E0-86DE-40FE-9660-5253BB214D0D}.Release|Any CPU.Build.0 = Release|Any CPU
	EndGlobalSection
EndGlobal
